// !$*UTF8*$!
{
	archiveVersion = 1;
	classes = {
	};
	objectVersion = 51;
	objects = {

/* Begin PBXBuildFile section */
		8C3AF9FC23082B8D003C79E9 /* AppDelegate.swift in Sources */ = {isa = PBXBuildFile; fileRef = 8C3AF9FB23082B8D003C79E9 /* AppDelegate.swift */; };
		8C3AF9FE23082B8D003C79E9 /* ViewController.swift in Sources */ = {isa = PBXBuildFile; fileRef = 8C3AF9FD23082B8D003C79E9 /* ViewController.swift */; };
		8C3AFA0623082B8F003C79E9 /* LaunchScreen.storyboard in Resources */ = {isa = PBXBuildFile; fileRef = 8C3AFA0423082B8F003C79E9 /* LaunchScreen.storyboard */; };
		8C5CC90C23A57EAC008F74FC /* mapStyle.json in Resources */ = {isa = PBXBuildFile; fileRef = 8C5CC90B23A57EAC008F74FC /* mapStyle.json */; };
		8C71807723C4FEA000401FB8 /* Assets.xcassets in Resources */ = {isa = PBXBuildFile; fileRef = 8C71807523C4FEA000401FB8 /* Assets.xcassets */; };
		8C71807923C502B200401FB8 /* Main.storyboard in Resources */ = {isa = PBXBuildFile; fileRef = 8C71807823C502B200401FB8 /* Main.storyboard */; };
		8C71807B23C66EA600401FB8 /* ImageCache.swift in Sources */ = {isa = PBXBuildFile; fileRef = 8C71807A23C66EA600401FB8 /* ImageCache.swift */; };
		8C71807D23C66F2200401FB8 /* HHMarker.swift in Sources */ = {isa = PBXBuildFile; fileRef = 8C71807C23C66F2200401FB8 /* HHMarker.swift */; };
		8C71807F23C66F8300401FB8 /* Utilities.swift in Sources */ = {isa = PBXBuildFile; fileRef = 8C71807E23C66F8300401FB8 /* Utilities.swift */; };
		8CB3609623D33DCC000A8F2F /* Assets.scnassets in Resources */ = {isa = PBXBuildFile; fileRef = 8CB3609523D33DCC000A8F2F /* Assets.scnassets */; };
		FF1CB78A973AE97FFA9D604A /* Pods_HHMarkerExample.framework in Frameworks */ = {isa = PBXBuildFile; fileRef = 811C5448108EE8C288907C24 /* Pods_HHMarkerExample.framework */; };
/* End PBXBuildFile section */

/* Begin PBXFileReference section */
		811C5448108EE8C288907C24 /* Pods_HHMarkerExample.framework */ = {isa = PBXFileReference; explicitFileType = wrapper.framework; includeInIndex = 0; path = Pods_HHMarkerExample.framework; sourceTree = BUILT_PRODUCTS_DIR; };
		8C3AF9F823082B8D003C79E9 /* HHMarkerExample.app */ = {isa = PBXFileReference; explicitFileType = wrapper.application; includeInIndex = 0; path = HHMarkerExample.app; sourceTree = BUILT_PRODUCTS_DIR; };
		8C3AF9FB23082B8D003C79E9 /* AppDelegate.swift */ = {isa = PBXFileReference; lastKnownFileType = sourcecode.swift; path = AppDelegate.swift; sourceTree = "<group>"; };
		8C3AF9FD23082B8D003C79E9 /* ViewController.swift */ = {isa = PBXFileReference; lastKnownFileType = sourcecode.swift; path = ViewController.swift; sourceTree = "<group>"; };
		8C3AFA0523082B8F003C79E9 /* Base */ = {isa = PBXFileReference; lastKnownFileType = file.storyboard; name = Base; path = Base.lproj/LaunchScreen.storyboard; sourceTree = "<group>"; };
		8C3AFA0723082B8F003C79E9 /* Info.plist */ = {isa = PBXFileReference; lastKnownFileType = text.plist.xml; path = Info.plist; sourceTree = "<group>"; };
		8C5CC90B23A57EAC008F74FC /* mapStyle.json */ = {isa = PBXFileReference; lastKnownFileType = text.json; path = mapStyle.json; sourceTree = "<group>"; };
		8C71807523C4FEA000401FB8 /* Assets.xcassets */ = {isa = PBXFileReference; lastKnownFileType = folder.assetcatalog; path = Assets.xcassets; sourceTree = "<group>"; };
		8C71807823C502B200401FB8 /* Main.storyboard */ = {isa = PBXFileReference; fileEncoding = 4; lastKnownFileType = file.storyboard; path = Main.storyboard; sourceTree = "<group>"; };
		8C71807A23C66EA600401FB8 /* ImageCache.swift */ = {isa = PBXFileReference; lastKnownFileType = sourcecode.swift; path = ImageCache.swift; sourceTree = "<group>"; };
		8C71807C23C66F2200401FB8 /* HHMarker.swift */ = {isa = PBXFileReference; lastKnownFileType = sourcecode.swift; path = HHMarker.swift; sourceTree = "<group>"; };
		8C71807E23C66F8300401FB8 /* Utilities.swift */ = {isa = PBXFileReference; lastKnownFileType = sourcecode.swift; path = Utilities.swift; sourceTree = "<group>"; };
		8CB3609523D33DCC000A8F2F /* Assets.scnassets */ = {isa = PBXFileReference; lastKnownFileType = wrapper.scnassets; path = Assets.scnassets; sourceTree = "<group>"; };
		AEEFDADF7135938837DD5E22 /* Pods-HHMarkerExample.debug.xcconfig */ = {isa = PBXFileReference; includeInIndex = 1; lastKnownFileType = text.xcconfig; name = "Pods-HHMarkerExample.debug.xcconfig"; path = "Target Support Files/Pods-HHMarkerExample/Pods-HHMarkerExample.debug.xcconfig"; sourceTree = "<group>"; };
		C6E20574C3992E8BD64D53ED /* Pods-HHMarkerExample.release.xcconfig */ = {isa = PBXFileReference; includeInIndex = 1; lastKnownFileType = text.xcconfig; name = "Pods-HHMarkerExample.release.xcconfig"; path = "Target Support Files/Pods-HHMarkerExample/Pods-HHMarkerExample.release.xcconfig"; sourceTree = "<group>"; };
/* End PBXFileReference section */

/* Begin PBXFrameworksBuildPhase section */
		8C3AF9F523082B8D003C79E9 /* Frameworks */ = {
			isa = PBXFrameworksBuildPhase;
			buildActionMask = 2147483647;
			files = (
				FF1CB78A973AE97FFA9D604A /* Pods_HHMarkerExample.framework in Frameworks */,
			);
			runOnlyForDeploymentPostprocessing = 0;
		};
/* End PBXFrameworksBuildPhase section */

/* Begin PBXGroup section */
		63F3D89E9F8FA2AE51619534 /* Pods */ = {
			isa = PBXGroup;
			children = (
				AEEFDADF7135938837DD5E22 /* Pods-HHMarkerExample.debug.xcconfig */,
				C6E20574C3992E8BD64D53ED /* Pods-HHMarkerExample.release.xcconfig */,
			);
			path = Pods;
			sourceTree = "<group>";
		};
		8C3AF9EF23082B8D003C79E9 = {
			isa = PBXGroup;
			children = (
				8C3AF9FA23082B8D003C79E9 /* HHMarkerExample */,
				8C3AF9F923082B8D003C79E9 /* Products */,
				63F3D89E9F8FA2AE51619534 /* Pods */,
				F37199C4ED3379E2B63753D7 /* Frameworks */,
			);
			sourceTree = "<group>";
		};
		8C3AF9F923082B8D003C79E9 /* Products */ = {
			isa = PBXGroup;
			children = (
				8C3AF9F823082B8D003C79E9 /* HHMarkerExample.app */,
			);
			name = Products;
			sourceTree = "<group>";
		};
		8C3AF9FA23082B8D003C79E9 /* HHMarkerExample */ = {
			isa = PBXGroup;
			children = (
				8C71807523C4FEA000401FB8 /* Assets.xcassets */,
				8C3AF9FB23082B8D003C79E9 /* AppDelegate.swift */,
				8C71807823C502B200401FB8 /* Main.storyboard */,
				8C3AF9FD23082B8D003C79E9 /* ViewController.swift */,
				8C3AFA0423082B8F003C79E9 /* LaunchScreen.storyboard */,
				8C3AFA0723082B8F003C79E9 /* Info.plist */,
				8C5CC90B23A57EAC008F74FC /* mapStyle.json */,
				8C71807A23C66EA600401FB8 /* ImageCache.swift */,
				8C71807C23C66F2200401FB8 /* HHMarker.swift */,
				8C71807E23C66F8300401FB8 /* Utilities.swift */,
				8CB3609523D33DCC000A8F2F /* Assets.scnassets */,
			);
			path = HHMarkerExample;
			sourceTree = "<group>";
		};
		F37199C4ED3379E2B63753D7 /* Frameworks */ = {
			isa = PBXGroup;
			children = (
				811C5448108EE8C288907C24 /* Pods_HHMarkerExample.framework */,
			);
			name = Frameworks;
			sourceTree = "<group>";
		};
/* End PBXGroup section */

/* Begin PBXNativeTarget section */
		8C3AF9F723082B8D003C79E9 /* HHMarkerExample */ = {
			isa = PBXNativeTarget;
			buildConfigurationList = 8C3AFA0A23082B8F003C79E9 /* Build configuration list for PBXNativeTarget "HHMarkerExample" */;
			buildPhases = (
				E17E0E7BA5D2C0F5BE2D6E3F /* [CP] Check Pods Manifest.lock */,
				8C3AF9F423082B8D003C79E9 /* Sources */,
				8C3AF9F523082B8D003C79E9 /* Frameworks */,
				8C3AF9F623082B8D003C79E9 /* Resources */,
				1BCB3C35B6477E522419FA08 /* [CP] Copy Pods Resources */,
			);
			buildRules = (
			);
			dependencies = (
			);
			name = HHMarkerExample;
			productName = Testing3dModelInGoogleMaps;
			productReference = 8C3AF9F823082B8D003C79E9 /* HHMarkerExample.app */;
			productType = "com.apple.product-type.application";
		};
/* End PBXNativeTarget section */

/* Begin PBXProject section */
		8C3AF9F023082B8D003C79E9 /* Project object */ = {
			isa = PBXProject;
			attributes = {
				LastSwiftUpdateCheck = 1020;
				LastUpgradeCheck = 1020;
				ORGANIZATIONNAME = Hilal;
				TargetAttributes = {
					8C3AF9F723082B8D003C79E9 = {
						CreatedOnToolsVersion = 10.2;
					};
				};
			};
			buildConfigurationList = 8C3AF9F323082B8D003C79E9 /* Build configuration list for PBXProject "HHMarkerExample" */;
			compatibilityVersion = "Xcode 9.3";
			developmentRegion = en;
			hasScannedForEncodings = 0;
			knownRegions = (
				en,
				Base,
			);
			mainGroup = 8C3AF9EF23082B8D003C79E9;
			productRefGroup = 8C3AF9F923082B8D003C79E9 /* Products */;
			projectDirPath = "";
			projectRoot = "";
			targets = (
				8C3AF9F723082B8D003C79E9 /* HHMarkerExample */,
			);
		};
/* End PBXProject section */

/* Begin PBXResourcesBuildPhase section */
		8C3AF9F623082B8D003C79E9 /* Resources */ = {
			isa = PBXResourcesBuildPhase;
			buildActionMask = 2147483647;
			files = (
				8C71807923C502B200401FB8 /* Main.storyboard in Resources */,
				8C3AFA0623082B8F003C79E9 /* LaunchScreen.storyboard in Resources */,
				8C5CC90C23A57EAC008F74FC /* mapStyle.json in Resources */,
				8CB3609623D33DCC000A8F2F /* Assets.scnassets in Resources */,
				8C71807723C4FEA000401FB8 /* Assets.xcassets in Resources */,
			);
			runOnlyForDeploymentPostprocessing = 0;
		};
/* End PBXResourcesBuildPhase section */

/* Begin PBXShellScriptBuildPhase section */
		1BCB3C35B6477E522419FA08 /* [CP] Copy Pods Resources */ = {
			isa = PBXShellScriptBuildPhase;
			buildActionMask = 2147483647;
			files = (
			);
			inputFileListPaths = (
				"${PODS_ROOT}/Target Support Files/Pods-HHMarkerExample/Pods-HHMarkerExample-resources-${CONFIGURATION}-input-files.xcfilelist",
			);
			name = "[CP] Copy Pods Resources";
			outputFileListPaths = (
				"${PODS_ROOT}/Target Support Files/Pods-HHMarkerExample/Pods-HHMarkerExample-resources-${CONFIGURATION}-output-files.xcfilelist",
			);
			runOnlyForDeploymentPostprocessing = 0;
			shellPath = /bin/sh;
			shellScript = "\"${PODS_ROOT}/Target Support Files/Pods-HHMarkerExample/Pods-HHMarkerExample-resources.sh\"\n";
			showEnvVarsInLog = 0;
		};
		E17E0E7BA5D2C0F5BE2D6E3F /* [CP] Check Pods Manifest.lock */ = {
			isa = PBXShellScriptBuildPhase;
			buildActionMask = 2147483647;
			files = (
			);
			inputFileListPaths = (
			);
			inputPaths = (
				"${PODS_PODFILE_DIR_PATH}/Podfile.lock",
				"${PODS_ROOT}/Manifest.lock",
			);
			name = "[CP] Check Pods Manifest.lock";
			outputFileListPaths = (
			);
			outputPaths = (
				"$(DERIVED_FILE_DIR)/Pods-HHMarkerExample-checkManifestLockResult.txt",
			);
			runOnlyForDeploymentPostprocessing = 0;
			shellPath = /bin/sh;
			shellScript = "diff \"${PODS_PODFILE_DIR_PATH}/Podfile.lock\" \"${PODS_ROOT}/Manifest.lock\" > /dev/null\nif [ $? != 0 ] ; then\n    # print error to STDERR\n    echo \"error: The sandbox is not in sync with the Podfile.lock. Run 'pod install' or update your CocoaPods installation.\" >&2\n    exit 1\nfi\n# This output is used by Xcode 'outputs' to avoid re-running this script phase.\necho \"SUCCESS\" > \"${SCRIPT_OUTPUT_FILE_0}\"\n";
			showEnvVarsInLog = 0;
		};
/* End PBXShellScriptBuildPhase section */

/* Begin PBXSourcesBuildPhase section */
		8C3AF9F423082B8D003C79E9 /* Sources */ = {
			isa = PBXSourcesBuildPhase;
			buildActionMask = 2147483647;
			files = (
				8C71807B23C66EA600401FB8 /* ImageCache.swift in Sources */,
				8C3AF9FE23082B8D003C79E9 /* ViewController.swift in Sources */,
				8C3AF9FC23082B8D003C79E9 /* AppDelegate.swift in Sources */,
				8C71807F23C66F8300401FB8 /* Utilities.swift in Sources */,
				8C71807D23C66F2200401FB8 /* HHMarker.swift in Sources */,
			);
			runOnlyForDeploymentPostprocessing = 0;
		};
/* End PBXSourcesBuildPhase section */

/* Begin PBXVariantGroup section */
		8C3AFA0423082B8F003C79E9 /* LaunchScreen.storyboard */ = {
			isa = PBXVariantGroup;
			children = (
				8C3AFA0523082B8F003C79E9 /* Base */,
			);
			name = LaunchScreen.storyboard;
			sourceTree = "<group>";
		};
/* End PBXVariantGroup section */

/* Begin XCBuildConfiguration section */
		8C3AFA0823082B8F003C79E9 /* Debug */ = {
			isa = XCBuildConfiguration;
			buildSettings = {
				ALWAYS_SEARCH_USER_PATHS = NO;
				CLANG_ANALYZER_NONNULL = YES;
				CLANG_ANALYZER_NUMBER_OBJECT_CONVERSION = YES_AGGRESSIVE;
				CLANG_CXX_LANGUAGE_STANDARD = "gnu++14";
				CLANG_CXX_LIBRARY = "libc++";
				CLANG_ENABLE_MODULES = YES;
				CLANG_ENABLE_OBJC_ARC = YES;
				CLANG_ENABLE_OBJC_WEAK = YES;
				CLANG_WARN_BLOCK_CAPTURE_AUTORELEASING = YES;
				CLANG_WARN_BOOL_CONVERSION = YES;
				CLANG_WARN_COMMA = YES;
				CLANG_WARN_CONSTANT_CONVERSION = YES;
				CLANG_WARN_DEPRECATED_OBJC_IMPLEMENTATIONS = YES;
				CLANG_WARN_DIRECT_OBJC_ISA_USAGE = YES_ERROR;
				CLANG_WARN_DOCUMENTATION_COMMENTS = YES;
				CLANG_WARN_EMPTY_BODY = YES;
				CLANG_WARN_ENUM_CONVERSION = YES;
				CLANG_WARN_INFINITE_RECURSION = YES;
				CLANG_WARN_INT_CONVERSION = YES;
				CLANG_WARN_NON_LITERAL_NULL_CONVERSION = YES;
				CLANG_WARN_OBJC_IMPLICIT_RETAIN_SELF = YES;
				CLANG_WARN_OBJC_LITERAL_CONVERSION = YES;
				CLANG_WARN_OBJC_ROOT_CLASS = YES_ERROR;
				CLANG_WARN_RANGE_LOOP_ANALYSIS = YES;
				CLANG_WARN_STRICT_PROTOTYPES = YES;
				CLANG_WARN_SUSPICIOUS_MOVE = YES;
				CLANG_WARN_UNGUARDED_AVAILABILITY = YES_AGGRESSIVE;
				CLANG_WARN_UNREACHABLE_CODE = YES;
				CLANG_WARN__DUPLICATE_METHOD_MATCH = YES;
				CODE_SIGN_IDENTITY = "iPhone Developer";
				COPY_PHASE_STRIP = NO;
				DEBUG_INFORMATION_FORMAT = dwarf;
				ENABLE_STRICT_OBJC_MSGSEND = YES;
				ENABLE_TESTABILITY = YES;
				GCC_C_LANGUAGE_STANDARD = gnu11;
				GCC_DYNAMIC_NO_PIC = NO;
				GCC_NO_COMMON_BLOCKS = YES;
				GCC_OPTIMIZATION_LEVEL = 0;
				GCC_PREPROCESSOR_DEFINITIONS = (
					"DEBUG=1",
					"$(inherited)",
				);
				GCC_WARN_64_TO_32_BIT_CONVERSION = YES;
				GCC_WARN_ABOUT_RETURN_TYPE = YES_ERROR;
				GCC_WARN_UNDECLARED_SELECTOR = YES;
				GCC_WARN_UNINITIALIZED_AUTOS = YES_AGGRESSIVE;
				GCC_WARN_UNUSED_FUNCTION = YES;
				GCC_WARN_UNUSED_VARIABLE = YES;
				IPHONEOS_DEPLOYMENT_TARGET = 12.2;
				MTL_ENABLE_DEBUG_INFO = INCLUDE_SOURCE;
				MTL_FAST_MATH = YES;
				ONLY_ACTIVE_ARCH = YES;
				SDKROOT = iphoneos;
				SWIFT_ACTIVE_COMPILATION_CONDITIONS = DEBUG;
				SWIFT_OPTIMIZATION_LEVEL = "-Onone";
			};
			name = Debug;
		};
		8C3AFA0923082B8F003C79E9 /* Release */ = {
			isa = XCBuildConfiguration;
			buildSettings = {
				ALWAYS_SEARCH_USER_PATHS = NO;
				CLANG_ANALYZER_NONNULL = YES;
				CLANG_ANALYZER_NUMBER_OBJECT_CONVERSION = YES_AGGRESSIVE;
				CLANG_CXX_LANGUAGE_STANDARD = "gnu++14";
				CLANG_CXX_LIBRARY = "libc++";
				CLANG_ENABLE_MODULES = YES;
				CLANG_ENABLE_OBJC_ARC = YES;
				CLANG_ENABLE_OBJC_WEAK = YES;
				CLANG_WARN_BLOCK_CAPTURE_AUTORELEASING = YES;
				CLANG_WARN_BOOL_CONVERSION = YES;
				CLANG_WARN_COMMA = YES;
				CLANG_WARN_CONSTANT_CONVERSION = YES;
				CLANG_WARN_DEPRECATED_OBJC_IMPLEMENTATIONS = YES;
				CLANG_WARN_DIRECT_OBJC_ISA_USAGE = YES_ERROR;
				CLANG_WARN_DOCUMENTATION_COMMENTS = YES;
				CLANG_WARN_EMPTY_BODY = YES;
				CLANG_WARN_ENUM_CONVERSION = YES;
				CLANG_WARN_INFINITE_RECURSION = YES;
				CLANG_WARN_INT_CONVERSION = YES;
				CLANG_WARN_NON_LITERAL_NULL_CONVERSION = YES;
				CLANG_WARN_OBJC_IMPLICIT_RETAIN_SELF = YES;
				CLANG_WARN_OBJC_LITERAL_CONVERSION = YES;
				CLANG_WARN_OBJC_ROOT_CLASS = YES_ERROR;
				CLANG_WARN_RANGE_LOOP_ANALYSIS = YES;
				CLANG_WARN_STRICT_PROTOTYPES = YES;
				CLANG_WARN_SUSPICIOUS_MOVE = YES;
				CLANG_WARN_UNGUARDED_AVAILABILITY = YES_AGGRESSIVE;
				CLANG_WARN_UNREACHABLE_CODE = YES;
				CLANG_WARN__DUPLICATE_METHOD_MATCH = YES;
				CODE_SIGN_IDENTITY = "iPhone Developer";
				COPY_PHASE_STRIP = NO;
				DEBUG_INFORMATION_FORMAT = "dwarf-with-dsym";
				ENABLE_NS_ASSERTIONS = NO;
				ENABLE_STRICT_OBJC_MSGSEND = YES;
				GCC_C_LANGUAGE_STANDARD = gnu11;
				GCC_NO_COMMON_BLOCKS = YES;
				GCC_WARN_64_TO_32_BIT_CONVERSION = YES;
				GCC_WARN_ABOUT_RETURN_TYPE = YES_ERROR;
				GCC_WARN_UNDECLARED_SELECTOR = YES;
				GCC_WARN_UNINITIALIZED_AUTOS = YES_AGGRESSIVE;
				GCC_WARN_UNUSED_FUNCTION = YES;
				GCC_WARN_UNUSED_VARIABLE = YES;
				IPHONEOS_DEPLOYMENT_TARGET = 12.2;
				MTL_ENABLE_DEBUG_INFO = NO;
				MTL_FAST_MATH = YES;
				SDKROOT = iphoneos;
				SWIFT_COMPILATION_MODE = wholemodule;
				SWIFT_OPTIMIZATION_LEVEL = "-O";
				VALIDATE_PRODUCT = YES;
			};
			name = Release;
		};
		8C3AFA0B23082B8F003C79E9 /* Debug */ = {
			isa = XCBuildConfiguration;
			baseConfigurationReference = AEEFDADF7135938837DD5E22 /* Pods-HHMarkerExample.debug.xcconfig */;
			buildSettings = {
				ASSETCATALOG_COMPILER_APPICON_NAME = AppIcon;
				CODE_SIGN_STYLE = Automatic;
				DEVELOPMENT_TEAM = XM7HGFF488;
				INFOPLIST_FILE = HHMarkerExample/Info.plist;
				LD_RUNPATH_SEARCH_PATHS = (
					"$(inherited)",
					"@executable_path/Frameworks",
				);
				PRODUCT_BUNDLE_IDENTIFIER = com.Testing3dModelInGoogleMapss;
				PRODUCT_NAME = "$(TARGET_NAME)";
				SWIFT_VERSION = 5.0;
				TARGETED_DEVICE_FAMILY = "1,2";
			};
			name = Debug;
		};
		8C3AFA0C23082B8F003C79E9 /* Release */ = {
			isa = XCBuildConfiguration;
			baseConfigurationReference = C6E20574C3992E8BD64D53ED /* Pods-HHMarkerExample.release.xcconfig */;
			buildSettings = {
				ASSETCATALOG_COMPILER_APPICON_NAME = AppIcon;
				CODE_SIGN_STYLE = Automatic;
				DEVELOPMENT_TEAM = XM7HGFF488;
				INFOPLIST_FILE = HHMarkerExample/Info.plist;
				LD_RUNPATH_SEARCH_PATHS = (
					"$(inherited)",
					"@executable_path/Frameworks",
				);
				PRODUCT_BUNDLE_IDENTIFIER = com.Testing3dModelInGoogleMapss;
				PRODUCT_NAME = "$(TARGET_NAME)";
				SWIFT_VERSION = 5.0;
				TARGETED_DEVICE_FAMILY = "1,2";
			};
			name = Release;
		};
/* End XCBuildConfiguration section */

/* Begin XCConfigurationList section */
		8C3AF9F323082B8D003C79E9 /* Build configuration list for PBXProject "HHMarkerExample" */ = {
			isa = XCConfigurationList;
			buildConfigurations = (
				8C3AFA0823082B8F003C79E9 /* Debug */,
				8C3AFA0923082B8F003C79E9 /* Release */,
			);
			defaultConfigurationIsVisible = 0;
			defaultConfigurationName = Release;
		};
		8C3AFA0A23082B8F003C79E9 /* Build configuration list for PBXNativeTarget "HHMarkerExample" */ = {
			isa = XCConfigurationList;
			buildConfigurations = (
				8C3AFA0B23082B8F003C79E9 /* Debug */,
				8C3AFA0C23082B8F003C79E9 /* Release */,
			);
			defaultConfigurationIsVisible = 0;
			defaultConfigurationName = Release;
		};
/* End XCConfigurationList section */
	};
	rootObject = 8C3AF9F023082B8D003C79E9 /* Project object */;
}
